
Microsoft Visual Studio Solution File, Format Version 12.00
# Visual Studio Version 16
VisualStudioVersion = 16.0.28803.452
MinimumVisualStudioVersion = 10.0.40219.1
Project("{FAE04EC0-301F-11D3-BF4B-00C04F79EFBC}") = "GenericCollectionApp", "GenericCollectionApp\GenericCollectionApp.csproj", "{DCBC9856-3911-4FC4-820D-36A7E8E13E22}"
EndProject
Global
	GlobalSection(SolutionConfigurationPlatforms) = preSolution
		Debug|Any CPU = Debug|Any CPU
		Release|Any CPU = Release|Any CPU
	EndGlobalSection
	GlobalSection(ProjectConfigurationPlatforms) = postSolution
		{DCBC9856-3911-4FC4-820D-36A7E8E13E22}.Debug|Any CPU.ActiveCfg = Debug|Any CPU
		{DCBC9856-3911-4FC4-820D-36A7E8E13E22}.Debug|Any CPU.Build.0 = Debug|Any CPU
		{DCBC9856-3911-4FC4-820D-36A7E8E13E22}.Release|Any CPU.ActiveCfg = Release|Any CPU
		{DCBC9856-3911-4FC4-820D-36A7E8E13E22}.Release|Any CPU.Build.0 = Release|Any CPU
	EndGlobalSection
	GlobalSection(SolutionProperties) = preSolution
		HideSolutionNode = FALSE
	EndGlobalSection
	GlobalSection(ExtensibilityGlobals) = postSolution
		SolutionGuid = {30E0802F-FCB0-49FE-B9AE-9693A873F908}
	EndGlobalSection
EndGlobal
